
Microsoft Visual Studio Solution File, Format Version 12.00
# Visual Studio Version 17
VisualStudioVersion = 17.13.35825.156
MinimumVisualStudioVersion = 10.0.40219.1
Project("{FAE04EC0-301F-11D3-BF4B-00C04F79EFBC}") = "BlazorApp1", "BlazorApp1.csproj", "{F3AB7D4E-F13F-4575-A24F-0001AE1835C0}"
EndProject
Global
	GlobalSection(SolutionConfigurationPlatforms) = preSolution
		Debug|Any CPU = Debug|Any CPU
		Release|Any CPU = Release|Any CPU
	EndGlobalSection
	GlobalSection(ProjectConfigurationPlatforms) = postSolution
		{F3AB7D4E-F13F-4575-A24F-0001AE1835C0}.Debug|Any CPU.ActiveCfg = Debug|Any CPU
		{F3AB7D4E-F13F-4575-A24F-0001AE1835C0}.Debug|Any CPU.Build.0 = Debug|Any CPU
		{F3AB7D4E-F13F-4575-A24F-0001AE1835C0}.Release|Any CPU.ActiveCfg = Release|Any CPU
		{F3AB7D4E-F13F-4575-A24F-0001AE1835C0}.Release|Any CPU.Build.0 = Release|Any CPU
	EndGlobalSection
	GlobalSection(SolutionProperties) = preSolution
		HideSolutionNode = FALSE
	EndGlobalSection
	GlobalSection(ExtensibilityGlobals) = postSolution
		SolutionGuid = {72B60466-1D61-477B-B620-038179D7FD62}
	EndGlobalSection
EndGlobal
